Microsoft Visual Studio Solution File, Format Version 12.00
# Visual Studio Version 17
VisualStudioVersion = 17.14.36301.6
MinimumVisualStudioVersion = 10.0.40219.1
Project("{FAE04EC0-301F-11D3-BF4B-00C04F79EFBC}") = "Runic.AST", "src\Runic.AST.csproj", "{EE59675D-9FDA-456A-BF73-C2D8803B4BF7}"
EndProject
Project("{2150E333-8FDC-42A3-9474-1A3956D46DE8}") = "Build", "Build", "{02EA681E-C7D8-13C7-8484-4AC65E1B71E8}"
EndProject
Project("{2150E333-8FDC-42A3-9474-1A3956D46DE8}") = "Net48", "Net48", "{E375E13B-9291-47F0-884A-3D84DA073A60}"
EndProject
Project("{2150E333-8FDC-42A3-9474-1A3956D46DE8}") = "Net6", "Net6", "{B4788F6A-EFCD-4FD8-AE4F-B61A42CFDD6F}"
EndProject
Project("{2150E333-8FDC-42A3-9474-1A3956D46DE8}") = "Net8", "Net8", "{05F834C3-F641-41E8-8D95-9A24548C38A2}"
EndProject
Project("{FAE04EC0-301F-11D3-BF4B-00C04F79EFBC}") = "Runic.AST.Net48", "build\net48\Runic.AST.Net48.csproj", "{BCA6B46B-E725-4DD5-A094-43532A704B41}"
EndProject
Project("{FAE04EC0-301F-11D3-BF4B-00C04F79EFBC}") = "Runic.AST.Net8", "build\net8\Runic.AST.Net8.csproj", "{9D19B5BD-9BF3-40C9-AF79-C9A5D01DD0CC}"
EndProject
Project("{FAE04EC0-301F-11D3-BF4B-00C04F79EFBC}") = "Runic.AST.Net6", "build\net6\Runic.AST.Net6.csproj", "{533B957C-61AC-4DFB-8B7D-5076972936F0}"
EndProject
Project("{2150E333-8FDC-42A3-9474-1A3956D46DE8}") = "Nuget", "Nuget", "{0AA18D71-2C6A-446A-96F8-D9335DBF32BA}"
EndProject
Project("{FAE04EC0-301F-11D3-BF4B-00C04F79EFBC}") = "Runic.AST.Nuget", "build\nuget\Runic.AST.Nuget.csproj", "{AA01B5EE-9A2B-4282-B76F-F7ACEA73BA9C}"
	ProjectSection(ProjectDependencies) = postProject
		{9D19B5BD-9BF3-40C9-AF79-C9A5D01DD0CC} = {9D19B5BD-9BF3-40C9-AF79-C9A5D01DD0CC}
		{533B957C-61AC-4DFB-8B7D-5076972936F0} = {533B957C-61AC-4DFB-8B7D-5076972936F0}
		{BCA6B46B-E725-4DD5-A094-43532A704B41} = {BCA6B46B-E725-4DD5-A094-43532A704B41}
	EndProjectSection
EndProject
Global
	GlobalSection(SolutionConfigurationPlatforms) = preSolution
		Debug|Any CPU = Debug|Any CPU
		Release|Any CPU = Release|Any CPU
	EndGlobalSection
	GlobalSection(ProjectConfigurationPlatforms) = postSolution
		{EE59675D-9FDA-456A-BF73-C2D8803B4BF7}.Debug|Any CPU.ActiveCfg = Debug|Any CPU
		{EE59675D-9FDA-456A-BF73-C2D8803B4BF7}.Debug|Any CPU.Build.0 = Debug|Any CPU
		{EE59675D-9FDA-456A-BF73-C2D8803B4BF7}.Release|Any CPU.ActiveCfg = Release|Any CPU
		{EE59675D-9FDA-456A-BF73-C2D8803B4BF7}.Release|Any CPU.Build.0 = Release|Any CPU
		{BCA6B46B-E725-4DD5-A094-43532A704B41}.Debug|Any CPU.ActiveCfg = Debug|Any CPU
		{BCA6B46B-E725-4DD5-A094-43532A704B41}.Debug|Any CPU.Build.0 = Debug|Any CPU
		{BCA6B46B-E725-4DD5-A094-43532A704B41}.Release|Any CPU.ActiveCfg = Release|Any CPU
		{BCA6B46B-E725-4DD5-A094-43532A704B41}.Release|Any CPU.Build.0 = Release|Any CPU
		{9D19B5BD-9BF3-40C9-AF79-C9A5D01DD0CC}.Debug|Any CPU.ActiveCfg = Debug|Any CPU
		{9D19B5BD-9BF3-40C9-AF79-C9A5D01DD0CC}.Debug|Any CPU.Build.0 = Debug|Any CPU
		{9D19B5BD-9BF3-40C9-AF79-C9A5D01DD0CC}.Release|Any CPU.ActiveCfg = Release|Any CPU
		{9D19B5BD-9BF3-40C9-AF79-C9A5D01DD0CC}.Release|Any CPU.Build.0 = Release|Any CPU
		{533B957C-61AC-4DFB-8B7D-5076972936F0}.Debug|Any CPU.ActiveCfg = Debug|Any CPU
		{533B957C-61AC-4DFB-8B7D-5076972936F0}.Debug|Any CPU.Build.0 = Debug|Any CPU
		{533B957C-61AC-4DFB-8B7D-5076972936F0}.Release|Any CPU.ActiveCfg = Release|Any CPU
		{533B957C-61AC-4DFB-8B7D-5076972936F0}.Release|Any CPU.Build.0 = Release|Any CPU
		{AA01B5EE-9A2B-4282-B76F-F7ACEA73BA9C}.Debug|Any CPU.ActiveCfg = Debug|Any CPU
		{AA01B5EE-9A2B-4282-B76F-F7ACEA73BA9C}.Debug|Any CPU.Build.0 = Debug|Any CPU
		{AA01B5EE-9A2B-4282-B76F-F7ACEA73BA9C}.Release|Any CPU.ActiveCfg = Release|Any CPU
		{AA01B5EE-9A2B-4282-B76F-F7ACEA73BA9C}.Release|Any CPU.Build.0 = Release|Any CPU
	EndGlobalSection
	GlobalSection(SolutionProperties) = preSolution
		HideSolutionNode = FALSE
	EndGlobalSection
	GlobalSection(NestedProjects) = preSolution
		{E375E13B-9291-47F0-884A-3D84DA073A60} = {02EA681E-C7D8-13C7-8484-4AC65E1B71E8}
		{B4788F6A-EFCD-4FD8-AE4F-B61A42CFDD6F} = {02EA681E-C7D8-13C7-8484-4AC65E1B71E8}
		{05F834C3-F641-41E8-8D95-9A24548C38A2} = {02EA681E-C7D8-13C7-8484-4AC65E1B71E8}
		{BCA6B46B-E725-4DD5-A094-43532A704B41} = {E375E13B-9291-47F0-884A-3D84DA073A60}
		{9D19B5BD-9BF3-40C9-AF79-C9A5D01DD0CC} = {05F834C3-F641-41E8-8D95-9A24548C38A2}
		{533B957C-61AC-4DFB-8B7D-5076972936F0} = {B4788F6A-EFCD-4FD8-AE4F-B61A42CFDD6F}
		{0AA18D71-2C6A-446A-96F8-D9335DBF32BA} = {02EA681E-C7D8-13C7-8484-4AC65E1B71E8}
		{AA01B5EE-9A2B-4282-B76F-F7ACEA73BA9C} = {0AA18D71-2C6A-446A-96F8-D9335DBF32BA}
	EndGlobalSection
	GlobalSection(ExtensibilityGlobals) = postSolution
		SolutionGuid = {330E4302-A9AA-42A8-8811-E37356B21BD2}
	EndGlobalSection
EndGlobal
